
Microsoft Visual Studio Solution File, Format Version 12.00
# Visual Studio Version 17
VisualStudioVersion = 17.7.34024.191
MinimumVisualStudioVersion = 10.0.40219.1
Project("{FAE04EC0-301F-11D3-BF4B-00C04F79EFBC}") = "Backend", "Backend\Backend.csproj", "{23D1B9A0-E2FF-4CE1-B762-91D9E97B5DB9}"
EndProject
Global
	GlobalSection(SolutionConfigurationPlatforms) = preSolution
		Debug|Any CPU = Debug|Any CPU
		Release|Any CPU = Release|Any CPU
	EndGlobalSection
	GlobalSection(ProjectConfigurationPlatforms) = postSolution
		{23D1B9A0-E2FF-4CE1-B762-91D9E97B5DB9}.Debug|Any CPU.ActiveCfg = Debug|Any CPU
		{23D1B9A0-E2FF-4CE1-B762-91D9E97B5DB9}.Debug|Any CPU.Build.0 = Debug|Any CPU
		{23D1B9A0-E2FF-4CE1-B762-91D9E97B5DB9}.Release|Any CPU.ActiveCfg = Release|Any CPU
		{23D1B9A0-E2FF-4CE1-B762-91D9E97B5DB9}.Release|Any CPU.Build.0 = Release|Any CPU
	EndGlobalSection
	GlobalSection(SolutionProperties) = preSolution
		HideSolutionNode = FALSE
	EndGlobalSection
	GlobalSection(ExtensibilityGlobals) = postSolution
		SolutionGuid = {B8D4E33B-2592-4D97-94E4-AF6520539186}
	EndGlobalSection
EndGlobal
